
Microsoft Visual Studio Solution File, Format Version 12.00
# Visual Studio Version 17
VisualStudioVersion = 17.14.37216.2
MinimumVisualStudioVersion = 10.0.40219.1
Project("{FAE04EC0-301F-11D3-BF4B-00C04F79EFBC}") = "TravelAgency.DAL", "TravelAgency.DAL\TravelAgency.DAL.csproj", "{1F36F4EE-8EB0-4B83-BA77-EF6110DE75C2}"
EndProject
Project("{FAE04EC0-301F-11D3-BF4B-00C04F79EFBC}") = "TravelAgency.BLL", "TravelAgency.BLL\TravelAgency.BLL.csproj", "{70C359E8-65B7-43F7-9F5E-D2F7A9846BF0}"
EndProject
Project("{FAE04EC0-301F-11D3-BF4B-00C04F79EFBC}") = "TravelAgency.WebApi", "TravelAgency.WebApi\TravelAgency.WebApi.csproj", "{EE5FCB99-1B96-4D3B-B501-D7ECE6B26A59}"
EndProject
Project("{FAE04EC0-301F-11D3-BF4B-00C04F79EFBC}") = "TravelAgency.Tests", "TravelAgency.Tests\TravelAgency.Tests.csproj", "{E423C2ED-FE14-4BE3-8EB0-565F3F11A3C9}"
EndProject
Global
	GlobalSection(SolutionConfigurationPlatforms) = preSolution
		Debug|Any CPU = Debug|Any CPU
		Debug|x64 = Debug|x64
		Debug|x86 = Debug|x86
		Release|Any CPU = Release|Any CPU
		Release|x64 = Release|x64
		Release|x86 = Release|x86
	EndGlobalSection
	GlobalSection(ProjectConfigurationPlatforms) = postSolution
		{1F36F4EE-8EB0-4B83-BA77-EF6110DE75C2}.Debug|Any CPU.ActiveCfg = Debug|Any CPU
		{1F36F4EE-8EB0-4B83-BA77-EF6110DE75C2}.Debug|Any CPU.Build.0 = Debug|Any CPU
		{1F36F4EE-8EB0-4B83-BA77-EF6110DE75C2}.Debug|x64.ActiveCfg = Debug|Any CPU
		{1F36F4EE-8EB0-4B83-BA77-EF6110DE75C2}.Debug|x64.Build.0 = Debug|Any CPU
		{1F36F4EE-8EB0-4B83-BA77-EF6110DE75C2}.Debug|x86.ActiveCfg = Debug|Any CPU
		{1F36F4EE-8EB0-4B83-BA77-EF6110DE75C2}.Debug|x86.Build.0 = Debug|Any CPU
		{1F36F4EE-8EB0-4B83-BA77-EF6110DE75C2}.Release|Any CPU.ActiveCfg = Release|Any CPU
		{1F36F4EE-8EB0-4B83-BA77-EF6110DE75C2}.Release|Any CPU.Build.0 = Release|Any CPU
		{1F36F4EE-8EB0-4B83-BA77-EF6110DE75C2}.Release|x64.ActiveCfg = Release|Any CPU
		{1F36F4EE-8EB0-4B83-BA77-EF6110DE75C2}.Release|x64.Build.0 = Release|Any CPU
		{1F36F4EE-8EB0-4B83-BA77-EF6110DE75C2}.Release|x86.ActiveCfg = Release|Any CPU
		{1F36F4EE-8EB0-4B83-BA77-EF6110DE75C2}.Release|x86.Build.0 = Release|Any CPU
		{70C359E8-65B7-43F7-9F5E-D2F7A9846BF0}.Debug|Any CPU.ActiveCfg = Debug|Any CPU
		{70C359E8-65B7-43F7-9F5E-D2F7A9846BF0}.Debug|Any CPU.Build.0 = Debug|Any CPU
		{70C359E8-65B7-43F7-9F5E-D2F7A9846BF0}.Debug|x64.ActiveCfg = Debug|Any CPU
		{70C359E8-65B7-43F7-9F5E-D2F7A9846BF0}.Debug|x64.Build.0 = Debug|Any CPU
		{70C359E8-65B7-43F7-9F5E-D2F7A9846BF0}.Debug|x86.ActiveCfg = Debug|Any CPU
		{70C359E8-65B7-43F7-9F5E-D2F7A9846BF0}.Debug|x86.Build.0 = Debug|Any CPU
		{70C359E8-65B7-43F7-9F5E-D2F7A9846BF0}.Release|Any CPU.ActiveCfg = Release|Any CPU
		{70C359E8-65B7-43F7-9F5E-D2F7A9846BF0}.Release|Any CPU.Build.0 = Release|Any CPU
		{70C359E8-65B7-43F7-9F5E-D2F7A9846BF0}.Release|x64.ActiveCfg = Release|Any CPU
		{70C359E8-65B7-43F7-9F5E-D2F7A9846BF0}.Release|x64.Build.0 = Release|Any CPU
		{70C359E8-65B7-43F7-9F5E-D2F7A9846BF0}.Release|x86.ActiveCfg = Release|Any CPU
		{70C359E8-65B7-43F7-9F5E-D2F7A9846BF0}.Release|x86.Build.0 = Release|Any CPU
		{EE5FCB99-1B96-4D3B-B501-D7ECE6B26A59}.Debug|Any CPU.ActiveCfg = Debug|Any CPU
		{EE5FCB99-1B96-4D3B-B501-D7ECE6B26A59}.Debug|Any CPU.Build.0 = Debug|Any CPU
		{EE5FCB99-1B96-4D3B-B501-D7ECE6B26A59}.Debug|x64.ActiveCfg = Debug|Any CPU
		{EE5FCB99-1B96-4D3B-B501-D7ECE6B26A59}.Debug|x64.Build.0 = Debug|Any CPU
		{EE5FCB99-1B96-4D3B-B501-D7ECE6B26A59}.Debug|x86.ActiveCfg = Debug|Any CPU
		{EE5FCB99-1B96-4D3B-B501-D7ECE6B26A59}.Debug|x86.Build.0 = Debug|Any CPU
		{EE5FCB99-1B96-4D3B-B501-D7ECE6B26A59}.Release|Any CPU.ActiveCfg = Release|Any CPU
		{EE5FCB99-1B96-4D3B-B501-D7ECE6B26A59}.Release|Any CPU.Build.0 = Release|Any CPU
		{EE5FCB99-1B96-4D3B-B501-D7ECE6B26A59}.Release|x64.ActiveCfg = Release|Any CPU
		{EE5FCB99-1B96-4D3B-B501-D7ECE6B26A59}.Release|x64.Build.0 = Release|Any CPU
		{EE5FCB99-1B96-4D3B-B501-D7ECE6B26A59}.Release|x86.ActiveCfg = Release|Any CPU
		{EE5FCB99-1B96-4D3B-B501-D7ECE6B26A59}.Release|x86.Build.0 = Release|Any CPU
		{E423C2ED-FE14-4BE3-8EB0-565F3F11A3C9}.Debug|Any CPU.ActiveCfg = Debug|Any CPU
		{E423C2ED-FE14-4BE3-8EB0-565F3F11A3C9}.Debug|Any CPU.Build.0 = Debug|Any CPU
		{E423C2ED-FE14-4BE3-8EB0-565F3F11A3C9}.Debug|x64.ActiveCfg = Debug|Any CPU
		{E423C2ED-FE14-4BE3-8EB0-565F3F11A3C9}.Debug|x64.Build.0 = Debug|Any CPU
		{E423C2ED-FE14-4BE3-8EB0-565F3F11A3C9}.Debug|x86.ActiveCfg = Debug|Any CPU
		{E423C2ED-FE14-4BE3-8EB0-565F3F11A3C9}.Debug|x86.Build.0 = Debug|Any CPU
		{E423C2ED-FE14-4BE3-8EB0-565F3F11A3C9}.Release|Any CPU.ActiveCfg = Release|Any CPU
		{E423C2ED-FE14-4BE3-8EB0-565F3F11A3C9}.Release|Any CPU.Build.0 = Release|Any CPU
		{E423C2ED-FE14-4BE3-8EB0-565F3F11A3C9}.Release|x64.ActiveCfg = Release|Any CPU
		{E423C2ED-FE14-4BE3-8EB0-565F3F11A3C9}.Release|x64.Build.0 = Release|Any CPU
		{E423C2ED-FE14-4BE3-8EB0-565F3F11A3C9}.Release|x86.ActiveCfg = Release|Any CPU
		{E423C2ED-FE14-4BE3-8EB0-565F3F11A3C9}.Release|x86.Build.0 = Release|Any CPU
	EndGlobalSection
	GlobalSection(SolutionProperties) = preSolution
		HideSolutionNode = FALSE
	EndGlobalSection
	GlobalSection(ExtensibilityGlobals) = postSolution
		SolutionGuid = {54742256-2110-4892-9695-4F6AE9079A37}
	EndGlobalSection
EndGlobal
